// !$*UTF8*$!
{
	archiveVersion = 1;
	classes = {
	};
	objectVersion = 46;
	objects = {

/* Begin PBXBuildFile section */
		CC21E98A1A3AE27C00231C28 /* EditItemViewController.swift in Sources */ = {isa = PBXBuildFile; fileRef = CC21E9891A3AE27C00231C28 /* EditItemViewController.swift */; };
		CC8FC9CE1A39B26600EC6511 /* ShowItemViewController.swift in Sources */ = {isa = PBXBuildFile; fileRef = CC8FC9CD1A39B26600EC6511 /* ShowItemViewController.swift */; };
		CCADE0F61A39875400F93839 /* SidePanelViewController.swift in Sources */ = {isa = PBXBuildFile; fileRef = CCADE0F51A39875400F93839 /* SidePanelViewController.swift */; };
		CCADE0F81A39878900F93839 /* Category.swift in Sources */ = {isa = PBXBuildFile; fileRef = CCADE0F71A39878900F93839 /* Category.swift */; };
		CCADE0FA1A3987B900F93839 /* ContainerViewController.swift in Sources */ = {isa = PBXBuildFile; fileRef = CCADE0F91A3987B900F93839 /* ContainerViewController.swift */; };
		CCE871F31A2EC690009FA649 /* AppDelegate.swift in Sources */ = {isa = PBXBuildFile; fileRef = CCE871F21A2EC690009FA649 /* AppDelegate.swift */; };
		CCE871F61A2EC690009FA649 /* Ya.xcdatamodeld in Sources */ = {isa = PBXBuildFile; fileRef = CCE871F41A2EC690009FA649 /* Ya.xcdatamodeld */; };
		CCE871FB1A2EC691009FA649 /* Main.storyboard in Resources */ = {isa = PBXBuildFile; fileRef = CCE871F91A2EC691009FA649 /* Main.storyboard */; };
		CCE871FD1A2EC691009FA649 /* Images.xcassets in Resources */ = {isa = PBXBuildFile; fileRef = CCE871FC1A2EC691009FA649 /* Images.xcassets */; };
		CCE872001A2EC691009FA649 /* LaunchScreen.xib in Resources */ = {isa = PBXBuildFile; fileRef = CCE871FE1A2EC691009FA649 /* LaunchScreen.xib */; };
		CCE8720C1A2EC691009FA649 /* YaTests.swift in Sources */ = {isa = PBXBuildFile; fileRef = CCE8720B1A2EC691009FA649 /* YaTests.swift */; };
		CCE872161A2ECAB7009FA649 /* CenterViewController.swift in Sources */ = {isa = PBXBuildFile; fileRef = CCE872151A2ECAB7009FA649 /* CenterViewController.swift */; };
		CCE872181A2ECB3F009FA649 /* AddItemViewController.swift in Sources */ = {isa = PBXBuildFile; fileRef = CCE872171A2ECB3F009FA649 /* AddItemViewController.swift */; };
		CCE8721A1A2ECB8E009FA649 /* Model.swift in Sources */ = {isa = PBXBuildFile; fileRef = CCE872191A2ECB8E009FA649 /* Model.swift */; };
/* End PBXBuildFile section */

/* Begin PBXContainerItemProxy section */
		CCE872061A2EC691009FA649 /* PBXContainerItemProxy */ = {
			isa = PBXContainerItemProxy;
			containerPortal = CCE871E51A2EC690009FA649 /* Project object */;
			proxyType = 1;
			remoteGlobalIDString = CCE871EC1A2EC690009FA649;
			remoteInfo = Ya;
		};
/* End PBXContainerItemProxy section */

/* Begin PBXFileReference section */
		CC21E9891A3AE27C00231C28 /* EditItemViewController.swift */ = {isa = PBXFileReference; fileEncoding = 4; lastKnownFileType = sourcecode.swift; path = EditItemViewController.swift; sourceTree = "<group>"; };
		CC8FC9CD1A39B26600EC6511 /* ShowItemViewController.swift */ = {isa = PBXFileReference; fileEncoding = 4; lastKnownFileType = sourcecode.swift; path = ShowItemViewController.swift; sourceTree = "<group>"; };
		CCADE0F51A39875400F93839 /* SidePanelViewController.swift */ = {isa = PBXFileReference; fileEncoding = 4; lastKnownFileType = sourcecode.swift; path = SidePanelViewController.swift; sourceTree = "<group>"; };
		CCADE0F71A39878900F93839 /* Category.swift */ = {isa = PBXFileReference; fileEncoding = 4; lastKnownFileType = sourcecode.swift; path = Category.swift; sourceTree = "<group>"; };
		CCADE0F91A3987B900F93839 /* ContainerViewController.swift */ = {isa = PBXFileReference; fileEncoding = 4; lastKnownFileType = sourcecode.swift; path = ContainerViewController.swift; sourceTree = "<group>"; };
		CCE871ED1A2EC690009FA649 /* Ya.app */ = {isa = PBXFileReference; explicitFileType = wrapper.application; includeInIndex = 0; path = Ya.app; sourceTree = BUILT_PRODUCTS_DIR; };
		CCE871F11A2EC690009FA649 /* Info.plist */ = {isa = PBXFileReference; lastKnownFileType = text.plist.xml; path = Info.plist; sourceTree = "<group>"; };
		CCE871F21A2EC690009FA649 /* AppDelegate.swift */ = {isa = PBXFileReference; lastKnownFileType = sourcecode.swift; path = AppDelegate.swift; sourceTree = "<group>"; };
		CCE871F51A2EC690009FA649 /* Ya.xcdatamodel */ = {isa = PBXFileReference; lastKnownFileType = wrapper.xcdatamodel; path = Ya.xcdatamodel; sourceTree = "<group>"; };
		CCE871FA1A2EC691009FA649 /* Base */ = {isa = PBXFileReference; lastKnownFileType = file.storyboard; name = Base; path = Base.lproj/Main.storyboard; sourceTree = "<group>"; };
		CCE871FC1A2EC691009FA649 /* Images.xcassets */ = {isa = PBXFileReference; lastKnownFileType = folder.assetcatalog; path = Images.xcassets; sourceTree = "<group>"; };
		CCE871FF1A2EC691009FA649 /* Base */ = {isa = PBXFileReference; lastKnownFileType = file.xib; name = Base; path = Base.lproj/LaunchScreen.xib; sourceTree = "<group>"; };
		CCE872051A2EC691009FA649 /* YaTests.xctest */ = {isa = PBXFileReference; explicitFileType = wrapper.cfbundle; includeInIndex = 0; path = YaTests.xctest; sourceTree = BUILT_PRODUCTS_DIR; };
		CCE8720A1A2EC691009FA649 /* Info.plist */ = {isa = PBXFileReference; lastKnownFileType = text.plist.xml; path = Info.plist; sourceTree = "<group>"; };
		CCE8720B1A2EC691009FA649 /* YaTests.swift */ = {isa = PBXFileReference; lastKnownFileType = sourcecode.swift; path = YaTests.swift; sourceTree = "<group>"; };
		CCE872151A2ECAB7009FA649 /* CenterViewController.swift */ = {isa = PBXFileReference; fileEncoding = 4; lastKnownFileType = sourcecode.swift; path = CenterViewController.swift; sourceTree = "<group>"; };
		CCE872171A2ECB3F009FA649 /* AddItemViewController.swift */ = {isa = PBXFileReference; fileEncoding = 4; lastKnownFileType = sourcecode.swift; path = AddItemViewController.swift; sourceTree = "<group>"; };
		CCE872191A2ECB8E009FA649 /* Model.swift */ = {isa = PBXFileReference; fileEncoding = 4; lastKnownFileType = sourcecode.swift; path = Model.swift; sourceTree = "<group>"; };
/* End PBXFileReference section */

/* Begin PBXFrameworksBuildPhase section */
		CCE871EA1A2EC690009FA649 /* Frameworks */ = {
			isa = PBXFrameworksBuildPhase;
			buildActionMask = 2147483647;
			files = (
			);
			runOnlyForDeploymentPostprocessing = 0;
		};
		CCE872021A2EC691009FA649 /* Frameworks */ = {
			isa = PBXFrameworksBuildPhase;
			buildActionMask = 2147483647;
			files = (
			);
			runOnlyForDeploymentPostprocessing = 0;
		};
/* End PBXFrameworksBuildPhase section */

/* Begin PBXGroup section */
		CCE871E41A2EC690009FA649 = {
			isa = PBXGroup;
			children = (
				CCE871EF1A2EC690009FA649 /* Ya */,
				CCE872081A2EC691009FA649 /* YaTests */,
				CCE871EE1A2EC690009FA649 /* Products */,
			);
			sourceTree = "<group>";
		};
		CCE871EE1A2EC690009FA649 /* Products */ = {
			isa = PBXGroup;
			children = (
				CCE871ED1A2EC690009FA649 /* Ya.app */,
				CCE872051A2EC691009FA649 /* YaTests.xctest */,
			);
			name = Products;
			sourceTree = "<group>";
		};
		CCE871EF1A2EC690009FA649 /* Ya */ = {
			isa = PBXGroup;
			children = (
				CCE871F21A2EC690009FA649 /* AppDelegate.swift */,
				CCE871F91A2EC691009FA649 /* Main.storyboard */,
				CCE871FC1A2EC691009FA649 /* Images.xcassets */,
				CCE871FE1A2EC691009FA649 /* LaunchScreen.xib */,
				CCE871F41A2EC690009FA649 /* Ya.xcdatamodeld */,
				CCE871F01A2EC690009FA649 /* Supporting Files */,
				CCE872151A2ECAB7009FA649 /* CenterViewController.swift */,
				CCADE0F51A39875400F93839 /* SidePanelViewController.swift */,
				CCADE0F71A39878900F93839 /* Category.swift */,
				CCADE0F91A3987B900F93839 /* ContainerViewController.swift */,
				CCE872171A2ECB3F009FA649 /* AddItemViewController.swift */,
				CC21E9891A3AE27C00231C28 /* EditItemViewController.swift */,
				CC8FC9CD1A39B26600EC6511 /* ShowItemViewController.swift */,
				CCE872191A2ECB8E009FA649 /* Model.swift */,
			);
			path = Ya;
			sourceTree = "<group>";
		};
		CCE871F01A2EC690009FA649 /* Supporting Files */ = {
			isa = PBXGroup;
			children = (
				CCE871F11A2EC690009FA649 /* Info.plist */,
			);
			name = "Supporting Files";
			sourceTree = "<group>";
		};
		CCE872081A2EC691009FA649 /* YaTests */ = {
			isa = PBXGroup;
			children = (
				CCE8720B1A2EC691009FA649 /* YaTests.swift */,
				CCE872091A2EC691009FA649 /* Supporting Files */,
			);
			path = YaTests;
			sourceTree = "<group>";
		};
		CCE872091A2EC691009FA649 /* Supporting Files */ = {
			isa = PBXGroup;
			children = (
				CCE8720A1A2EC691009FA649 /* Info.plist */,
			);
			name = "Supporting Files";
			sourceTree = "<group>";
		};
/* End PBXGroup section */

/* Begin PBXNativeTarget section */
		CCE871EC1A2EC690009FA649 /* Ya */ = {
			isa = PBXNativeTarget;
			buildConfigurationList = CCE8720F1A2EC691009FA649 /* Build configuration list for PBXNativeTarget "Ya" */;
			buildPhases = (
				CCE871E91A2EC690009FA649 /* Sources */,
				CCE871EA1A2EC690009FA649 /* Frameworks */,
				CCE871EB1A2EC690009FA649 /* Resources */,
			);
			buildRules = (
			);
			dependencies = (
			);
			name = Ya;
			productName = Ya;
			productReference = CCE871ED1A2EC690009FA649 /* Ya.app */;
			productType = "com.apple.product-type.application";
		};
		CCE872041A2EC691009FA649 /* YaTests */ = {
			isa = PBXNativeTarget;
			buildConfigurationList = CCE872121A2EC691009FA649 /* Build configuration list for PBXNativeTarget "YaTests" */;
			buildPhases = (
				CCE872011A2EC691009FA649 /* Sources */,
				CCE872021A2EC691009FA649 /* Frameworks */,
				CCE872031A2EC691009FA649 /* Resources */,
			);
			buildRules = (
			);
			dependencies = (
				CCE872071A2EC691009FA649 /* PBXTargetDependency */,
			);
			name = YaTests;
			productName = YaTests;
			productReference = CCE872051A2EC691009FA649 /* YaTests.xctest */;
			productType = "com.apple.product-type.bundle.unit-test";
		};
/* End PBXNativeTarget section */

/* Begin PBXProject section */
		CCE871E51A2EC690009FA649 /* Project object */ = {
			isa = PBXProject;
			attributes = {
				LastUpgradeCheck = 0610;
				ORGANIZATIONNAME = Lifespice;
				TargetAttributes = {
					CCE871EC1A2EC690009FA649 = {
						CreatedOnToolsVersion = 6.1;
					};
					CCE872041A2EC691009FA649 = {
						CreatedOnToolsVersion = 6.1;
						TestTargetID = CCE871EC1A2EC690009FA649;
					};
				};
			};
			buildConfigurationList = CCE871E81A2EC690009FA649 /* Build configuration list for PBXProject "Ya" */;
			compatibilityVersion = "Xcode 3.2";
			developmentRegion = English;
			hasScannedForEncodings = 0;
			knownRegions = (
				en,
				Base,
			);
			mainGroup = CCE871E41A2EC690009FA649;
			productRefGroup = CCE871EE1A2EC690009FA649 /* Products */;
			projectDirPath = "";
			projectRoot = "";
			targets = (
				CCE871EC1A2EC690009FA649 /* Ya */,
				CCE872041A2EC691009FA649 /* YaTests */,
			);
		};
/* End PBXProject section */

/* Begin PBXResourcesBuildPhase section */
		CCE871EB1A2EC690009FA649 /* Resources */ = {
			isa = PBXResourcesBuildPhase;
			buildActionMask = 2147483647;
			files = (
				CCE871FB1A2EC691009FA649 /* Main.storyboard in Resources */,
				CCE872001A2EC691009FA649 /* LaunchScreen.xib in Resources */,
				CCE871FD1A2EC691009FA649 /* Images.xcassets in Resources */,
			);
			runOnlyForDeploymentPostprocessing = 0;
		};
		CCE872031A2EC691009FA649 /* Resources */ = {
			isa = PBXResourcesBuildPhase;
			buildActionMask = 2147483647;
			files = (
			);
			runOnlyForDeploymentPostprocessing = 0;
		};
/* End PBXResourcesBuildPhase section */

/* Begin PBXSourcesBuildPhase section */
		CCE871E91A2EC690009FA649 /* Sources */ = {
			isa = PBXSourcesBuildPhase;
			buildActionMask = 2147483647;
			files = (
				CC8FC9CE1A39B26600EC6511 /* ShowItemViewController.swift in Sources */,
				CCADE0F61A39875400F93839 /* SidePanelViewController.swift in Sources */,
				CCE8721A1A2ECB8E009FA649 /* Model.swift in Sources */,
				CCADE0FA1A3987B900F93839 /* ContainerViewController.swift in Sources */,
				CCE872161A2ECAB7009FA649 /* CenterViewController.swift in Sources */,
				CCE872181A2ECB3F009FA649 /* AddItemViewController.swift in Sources */,
				CCADE0F81A39878900F93839 /* Category.swift in Sources */,
				CC21E98A1A3AE27C00231C28 /* EditItemViewController.swift in Sources */,
				CCE871F31A2EC690009FA649 /* AppDelegate.swift in Sources */,
				CCE871F61A2EC690009FA649 /* Ya.xcdatamodeld in Sources */,
			);
			runOnlyForDeploymentPostprocessing = 0;
		};
		CCE872011A2EC691009FA649 /* Sources */ = {
			isa = PBXSourcesBuildPhase;
			buildActionMask = 2147483647;
			files = (
				CCE8720C1A2EC691009FA649 /* YaTests.swift in Sources */,
			);
			runOnlyForDeploymentPostprocessing = 0;
		};
/* End PBXSourcesBuildPhase section */

/* Begin PBXTargetDependency section */
		CCE872071A2EC691009FA649 /* PBXTargetDependency */ = {
			isa = PBXTargetDependency;
			target = CCE871EC1A2EC690009FA649 /* Ya */;
			targetProxy = CCE872061A2EC691009FA649 /* PBXContainerItemProxy */;
		};
/* End PBXTargetDependency section */

/* Begin PBXVariantGroup section */
		CCE871F91A2EC691009FA649 /* Main.storyboard */ = {
			isa = PBXVariantGroup;
			children = (
				CCE871FA1A2EC691009FA649 /* Base */,
			);
			name = Main.storyboard;
			sourceTree = "<group>";
		};
		CCE871FE1A2EC691009FA649 /* LaunchScreen.xib */ = {
			isa = PBXVariantGroup;
			children = (
				CCE871FF1A2EC691009FA649 /* Base */,
			);
			name = LaunchScreen.xib;
			sourceTree = "<group>";
		};
/* End PBXVariantGroup section */

/* Begin XCBuildConfiguration section */
		CCE8720D1A2EC691009FA649 /* Debug */ = {
			isa = XCBuildConfiguration;
			buildSettings = {
				ALWAYS_SEARCH_USER_PATHS = NO;
				CLANG_CXX_LANGUAGE_STANDARD = "gnu++0x";
				CLANG_CXX_LIBRARY = "libc++";
				CLANG_ENABLE_MODULES = YES;
				CLANG_ENABLE_OBJC_ARC = YES;
				CLANG_WARN_BOOL_CONVERSION = YES;
				CLANG_WARN_CONSTANT_CONVERSION = YES;
				CLANG_WARN_DIRECT_OBJC_ISA_USAGE = YES_ERROR;
				CLANG_WARN_EMPTY_BODY = YES;
				CLANG_WARN_ENUM_CONVERSION = YES;
				CLANG_WARN_INT_CONVERSION = YES;
				CLANG_WARN_OBJC_ROOT_CLASS = YES_ERROR;
				CLANG_WARN_UNREACHABLE_CODE = YES;
				CLANG_WARN__DUPLICATE_METHOD_MATCH = YES;
				"CODE_SIGN_IDENTITY[sdk=iphoneos*]" = "iPhone Developer";
				COPY_PHASE_STRIP = NO;
				ENABLE_STRICT_OBJC_MSGSEND = YES;
				GCC_C_LANGUAGE_STANDARD = gnu99;
				GCC_DYNAMIC_NO_PIC = NO;
				GCC_OPTIMIZATION_LEVEL = 0;
				GCC_PREPROCESSOR_DEFINITIONS = (
					"DEBUG=1",
					"$(inherited)",
				);
				GCC_SYMBOLS_PRIVATE_EXTERN = NO;
				GCC_WARN_64_TO_32_BIT_CONVERSION = YES;
				GCC_WARN_ABOUT_RETURN_TYPE = YES_ERROR;
				GCC_WARN_UNDECLARED_SELECTOR = YES;
				GCC_WARN_UNINITIALIZED_AUTOS = YES_AGGRESSIVE;
				GCC_WARN_UNUSED_FUNCTION = YES;
				GCC_WARN_UNUSED_VARIABLE = YES;
				IPHONEOS_DEPLOYMENT_TARGET = 8.1;
				MTL_ENABLE_DEBUG_INFO = YES;
				ONLY_ACTIVE_ARCH = YES;
				SDKROOT = iphoneos;
				SWIFT_OPTIMIZATION_LEVEL = "-Onone";
			};
			name = Debug;
		};
		CCE8720E1A2EC691009FA649 /* Release */ = {
			isa = XCBuildConfiguration;
			buildSettings = {
				ALWAYS_SEARCH_USER_PATHS = NO;
				CLANG_CXX_LANGUAGE_STANDARD = "gnu++0x";
				CLANG_CXX_LIBRARY = "libc++";
				CLANG_ENABLE_MODULES = YES;
				CLANG_ENABLE_OBJC_ARC = YES;
				CLANG_WARN_BOOL_CONVERSION = YES;
				CLANG_WARN_CONSTANT_CONVERSION = YES;
				CLANG_WARN_DIRECT_OBJC_ISA_USAGE = YES_ERROR;
				CLANG_WARN_EMPTY_BODY = YES;
				CLANG_WARN_ENUM_CONVERSION = YES;
				CLANG_WARN_INT_CONVERSION = YES;
				CLANG_WARN_OBJC_ROOT_CLASS = YES_ERROR;
				CLANG_WARN_UNREACHABLE_CODE = YES;
				CLANG_WARN__DUPLICATE_METHOD_MATCH = YES;
				"CODE_SIGN_IDENTITY[sdk=iphoneos*]" = "iPhone Developer";
				COPY_PHASE_STRIP = YES;
				ENABLE_NS_ASSERTIONS = NO;
				ENABLE_STRICT_OBJC_MSGSEND = YES;
				GCC_C_LANGUAGE_STANDARD = gnu99;
				GCC_WARN_64_TO_32_BIT_CONVERSION = YES;
				GCC_WARN_ABOUT_RETURN_TYPE = YES_ERROR;
				GCC_WARN_UNDECLARED_SELECTOR = YES;
				GCC_WARN_UNINITIALIZED_AUTOS = YES_AGGRESSIVE;
				GCC_WARN_UNUSED_FUNCTION = YES;
				GCC_WARN_UNUSED_VARIABLE = YES;
				IPHONEOS_DEPLOYMENT_TARGET = 8.1;
				MTL_ENABLE_DEBUG_INFO = NO;
				SDKROOT = iphoneos;
				VALIDATE_PRODUCT = YES;
			};
			name = Release;
		};
		CCE872101A2EC691009FA649 /* Debug */ = {
			isa = XCBuildConfiguration;
			buildSettings = {
				ASSETCATALOG_COMPILER_APPICON_NAME = AppIcon;
				INFOPLIST_FILE = Ya/Info.plist;
				LD_RUNPATH_SEARCH_PATHS = "$(inherited) @executable_path/Frameworks";
				PRODUCT_NAME = "$(TARGET_NAME)";
			};
			name = Debug;
		};
		CCE872111A2EC691009FA649 /* Release */ = {
			isa = XCBuildConfiguration;
			buildSettings = {
				ASSETCATALOG_COMPILER_APPICON_NAME = AppIcon;
				INFOPLIST_FILE = Ya/Info.plist;
				LD_RUNPATH_SEARCH_PATHS = "$(inherited) @executable_path/Frameworks";
				PRODUCT_NAME = "$(TARGET_NAME)";
			};
			name = Release;
		};
		CCE872131A2EC691009FA649 /* Debug */ = {
			isa = XCBuildConfiguration;
			buildSettings = {
				BUNDLE_LOADER = "$(TEST_HOST)";
				FRAMEWORK_SEARCH_PATHS = (
					"$(SDKROOT)/Developer/Library/Frameworks",
					"$(inherited)",
				);
				GCC_PREPROCESSOR_DEFINITIONS = (
					"DEBUG=1",
					"$(inherited)",
				);
				INFOPLIST_FILE = YaTests/Info.plist;
				LD_RUNPATH_SEARCH_PATHS = "$(inherited) @executable_path/Frameworks @loader_path/Frameworks";
				PRODUCT_NAME = "$(TARGET_NAME)";
				TEST_HOST = "$(BUILT_PRODUCTS_DIR)/Ya.app/Ya";
			};
			name = Debug;
		};
		CCE872141A2EC691009FA649 /* Release */ = {
			isa = XCBuildConfiguration;
			buildSettings = {
				BUNDLE_LOADER = "$(TEST_HOST)";
				FRAMEWORK_SEARCH_PATHS = (
					"$(SDKROOT)/Developer/Library/Frameworks",
					"$(inherited)",
				);
				INFOPLIST_FILE = YaTests/Info.plist;
				LD_RUNPATH_SEARCH_PATHS = "$(inherited) @executable_path/Frameworks @loader_path/Frameworks";
				PRODUCT_NAME = "$(TARGET_NAME)";
				TEST_HOST = "$(BUILT_PRODUCTS_DIR)/Ya.app/Ya";
			};
			name = Release;
		};
/* End XCBuildConfiguration section */

/* Begin XCConfigurationList section */
		CCE871E81A2EC690009FA649 /* Build configuration list for PBXProject "Ya" */ = {
			isa = XCConfigurationList;
			buildConfigurations = (
				CCE8720D1A2EC691009FA649 /* Debug */,
				CCE8720E1A2EC691009FA649 /* Release */,
			);
			defaultConfigurationIsVisible = 0;
			defaultConfigurationName = Release;
		};
		CCE8720F1A2EC691009FA649 /* Build configuration list for PBXNativeTarget "Ya" */ = {
			isa = XCConfigurationList;
			buildConfigurations = (
				CCE872101A2EC691009FA649 /* Debug */,
				CCE872111A2EC691009FA649 /* Release */,
			);
			defaultConfigurationIsVisible = 0;
			defaultConfigurationName = Release;
		};
		CCE872121A2EC691009FA649 /* Build configuration list for PBXNativeTarget "YaTests" */ = {
			isa = XCConfigurationList;
			buildConfigurations = (
				CCE872131A2EC691009FA649 /* Debug */,
				CCE872141A2EC691009FA649 /* Release */,
			);
			defaultConfigurationIsVisible = 0;
			defaultConfigurationName = Release;
		};
/* End XCConfigurationList section */

/* Begin XCVersionGroup section */
		CCE871F41A2EC690009FA649 /* Ya.xcdatamodeld */ = {
			isa = XCVersionGroup;
			children = (
				CCE871F51A2EC690009FA649 /* Ya.xcdatamodel */,
			);
			currentVersion = CCE871F51A2EC690009FA649 /* Ya.xcdatamodel */;
			path = Ya.xcdatamodeld;
			sourceTree = "<group>";
			versionGroupType = wrapper.xcdatamodel;
		};
/* End XCVersionGroup section */
	};
	rootObject = CCE871E51A2EC690009FA649 /* Project object */;
}
