// !$*UTF8*$!
{
	archiveVersion = 1;
	classes = {
	};
	objectVersion = 46;
	objects = {

/* Begin PBXBuildFile section */
		CCFC2C781A2C7DE800DA9B82 /* main.m in Sources */ = {isa = PBXBuildFile; fileRef = CCFC2C771A2C7DE800DA9B82 /* main.m */; };
		CCFC2C7B1A2C7DE800DA9B82 /* AppDelegate.m in Sources */ = {isa = PBXBuildFile; fileRef = CCFC2C7A1A2C7DE800DA9B82 /* AppDelegate.m */; };
		CCFC2C7E1A2C7DE800DA9B82 /* ViewController.m in Sources */ = {isa = PBXBuildFile; fileRef = CCFC2C7D1A2C7DE800DA9B82 /* ViewController.m */; };
		CCFC2C811A2C7DE800DA9B82 /* Main.storyboard in Resources */ = {isa = PBXBuildFile; fileRef = CCFC2C7F1A2C7DE800DA9B82 /* Main.storyboard */; };
		CCFC2C831A2C7DE900DA9B82 /* Images.xcassets in Resources */ = {isa = PBXBuildFile; fileRef = CCFC2C821A2C7DE900DA9B82 /* Images.xcassets */; };
		CCFC2C861A2C7DE900DA9B82 /* LaunchScreen.xib in Resources */ = {isa = PBXBuildFile; fileRef = CCFC2C841A2C7DE900DA9B82 /* LaunchScreen.xib */; };
		CCFC2C921A2C7DEA00DA9B82 /* YaTests.m in Sources */ = {isa = PBXBuildFile; fileRef = CCFC2C911A2C7DEA00DA9B82 /* YaTests.m */; };
/* End PBXBuildFile section */

/* Begin PBXContainerItemProxy section */
		CCFC2C8C1A2C7DEA00DA9B82 /* PBXContainerItemProxy */ = {
			isa = PBXContainerItemProxy;
			containerPortal = CCFC2C6A1A2C7DE400DA9B82 /* Project object */;
			proxyType = 1;
			remoteGlobalIDString = CCFC2C711A2C7DE600DA9B82;
			remoteInfo = Ya;
		};
/* End PBXContainerItemProxy section */

/* Begin PBXFileReference section */
		CCFC2C721A2C7DE700DA9B82 /* Ya.app */ = {isa = PBXFileReference; explicitFileType = wrapper.application; includeInIndex = 0; path = Ya.app; sourceTree = BUILT_PRODUCTS_DIR; };
		CCFC2C761A2C7DE800DA9B82 /* Info.plist */ = {isa = PBXFileReference; lastKnownFileType = text.plist.xml; path = Info.plist; sourceTree = "<group>"; };
		CCFC2C771A2C7DE800DA9B82 /* main.m */ = {isa = PBXFileReference; lastKnownFileType = sourcecode.c.objc; path = main.m; sourceTree = "<group>"; };
		CCFC2C791A2C7DE800DA9B82 /* AppDelegate.h */ = {isa = PBXFileReference; lastKnownFileType = sourcecode.c.h; path = AppDelegate.h; sourceTree = "<group>"; };
		CCFC2C7A1A2C7DE800DA9B82 /* AppDelegate.m */ = {isa = PBXFileReference; lastKnownFileType = sourcecode.c.objc; path = AppDelegate.m; sourceTree = "<group>"; };
		CCFC2C7C1A2C7DE800DA9B82 /* ViewController.h */ = {isa = PBXFileReference; lastKnownFileType = sourcecode.c.h; path = ViewController.h; sourceTree = "<group>"; };
		CCFC2C7D1A2C7DE800DA9B82 /* ViewController.m */ = {isa = PBXFileReference; lastKnownFileType = sourcecode.c.objc; path = ViewController.m; sourceTree = "<group>"; };
		CCFC2C801A2C7DE800DA9B82 /* Base */ = {isa = PBXFileReference; lastKnownFileType = file.storyboard; name = Base; path = Base.lproj/Main.storyboard; sourceTree = "<group>"; };
		CCFC2C821A2C7DE900DA9B82 /* Images.xcassets */ = {isa = PBXFileReference; lastKnownFileType = folder.assetcatalog; path = Images.xcassets; sourceTree = "<group>"; };
		CCFC2C851A2C7DE900DA9B82 /* Base */ = {isa = PBXFileReference; lastKnownFileType = file.xib; name = Base; path = Base.lproj/LaunchScreen.xib; sourceTree = "<group>"; };
		CCFC2C8B1A2C7DEA00DA9B82 /* YaTests.xctest */ = {isa = PBXFileReference; explicitFileType = wrapper.cfbundle; includeInIndex = 0; path = YaTests.xctest; sourceTree = BUILT_PRODUCTS_DIR; };
		CCFC2C901A2C7DEA00DA9B82 /* Info.plist */ = {isa = PBXFileReference; lastKnownFileType = text.plist.xml; path = Info.plist; sourceTree = "<group>"; };
		CCFC2C911A2C7DEA00DA9B82 /* YaTests.m */ = {isa = PBXFileReference; lastKnownFileType = sourcecode.c.objc; path = YaTests.m; sourceTree = "<group>"; };
/* End PBXFileReference section */

/* Begin PBXFrameworksBuildPhase section */
		CCFC2C6F1A2C7DE600DA9B82 /* Frameworks */ = {
			isa = PBXFrameworksBuildPhase;
			buildActionMask = 2147483647;
			files = (
			);
			runOnlyForDeploymentPostprocessing = 0;
		};
		CCFC2C881A2C7DEA00DA9B82 /* Frameworks */ = {
			isa = PBXFrameworksBuildPhase;
			buildActionMask = 2147483647;
			files = (
			);
			runOnlyForDeploymentPostprocessing = 0;
		};
/* End PBXFrameworksBuildPhase section */

/* Begin PBXGroup section */
		CCFC2C691A2C7DE400DA9B82 = {
			isa = PBXGroup;
			children = (
				CCFC2C741A2C7DE700DA9B82 /* Ya */,
				CCFC2C8E1A2C7DEA00DA9B82 /* YaTests */,
				CCFC2C731A2C7DE700DA9B82 /* Products */,
			);
			sourceTree = "<group>";
		};
		CCFC2C731A2C7DE700DA9B82 /* Products */ = {
			isa = PBXGroup;
			children = (
				CCFC2C721A2C7DE700DA9B82 /* Ya.app */,
				CCFC2C8B1A2C7DEA00DA9B82 /* YaTests.xctest */,
			);
			name = Products;
			sourceTree = "<group>";
		};
		CCFC2C741A2C7DE700DA9B82 /* Ya */ = {
			isa = PBXGroup;
			children = (
				CCFC2C791A2C7DE800DA9B82 /* AppDelegate.h */,
				CCFC2C7A1A2C7DE800DA9B82 /* AppDelegate.m */,
				CCFC2C7C1A2C7DE800DA9B82 /* ViewController.h */,
				CCFC2C7D1A2C7DE800DA9B82 /* ViewController.m */,
				CCFC2C7F1A2C7DE800DA9B82 /* Main.storyboard */,
				CCFC2C821A2C7DE900DA9B82 /* Images.xcassets */,
				CCFC2C841A2C7DE900DA9B82 /* LaunchScreen.xib */,
				CCFC2C751A2C7DE700DA9B82 /* Supporting Files */,
			);
			path = Ya;
			sourceTree = "<group>";
		};
		CCFC2C751A2C7DE700DA9B82 /* Supporting Files */ = {
			isa = PBXGroup;
			children = (
				CCFC2C761A2C7DE800DA9B82 /* Info.plist */,
				CCFC2C771A2C7DE800DA9B82 /* main.m */,
			);
			name = "Supporting Files";
			sourceTree = "<group>";
		};
		CCFC2C8E1A2C7DEA00DA9B82 /* YaTests */ = {
			isa = PBXGroup;
			children = (
				CCFC2C911A2C7DEA00DA9B82 /* YaTests.m */,
				CCFC2C8F1A2C7DEA00DA9B82 /* Supporting Files */,
			);
			path = YaTests;
			sourceTree = "<group>";
		};
		CCFC2C8F1A2C7DEA00DA9B82 /* Supporting Files */ = {
			isa = PBXGroup;
			children = (
				CCFC2C901A2C7DEA00DA9B82 /* Info.plist */,
			);
			name = "Supporting Files";
			sourceTree = "<group>";
		};
/* End PBXGroup section */

/* Begin PBXNativeTarget section */
		CCFC2C711A2C7DE600DA9B82 /* Ya */ = {
			isa = PBXNativeTarget;
			buildConfigurationList = CCFC2C951A2C7DEB00DA9B82 /* Build configuration list for PBXNativeTarget "Ya" */;
			buildPhases = (
				CCFC2C6E1A2C7DE600DA9B82 /* Sources */,
				CCFC2C6F1A2C7DE600DA9B82 /* Frameworks */,
				CCFC2C701A2C7DE600DA9B82 /* Resources */,
			);
			buildRules = (
			);
			dependencies = (
			);
			name = Ya;
			productName = Ya;
			productReference = CCFC2C721A2C7DE700DA9B82 /* Ya.app */;
			productType = "com.apple.product-type.application";
		};
		CCFC2C8A1A2C7DEA00DA9B82 /* YaTests */ = {
			isa = PBXNativeTarget;
			buildConfigurationList = CCFC2C981A2C7DEB00DA9B82 /* Build configuration list for PBXNativeTarget "YaTests" */;
			buildPhases = (
				CCFC2C871A2C7DEA00DA9B82 /* Sources */,
				CCFC2C881A2C7DEA00DA9B82 /* Frameworks */,
				CCFC2C891A2C7DEA00DA9B82 /* Resources */,
			);
			buildRules = (
			);
			dependencies = (
				CCFC2C8D1A2C7DEA00DA9B82 /* PBXTargetDependency */,
			);
			name = YaTests;
			productName = YaTests;
			productReference = CCFC2C8B1A2C7DEA00DA9B82 /* YaTests.xctest */;
			productType = "com.apple.product-type.bundle.unit-test";
		};
/* End PBXNativeTarget section */

/* Begin PBXProject section */
		CCFC2C6A1A2C7DE400DA9B82 /* Project object */ = {
			isa = PBXProject;
			attributes = {
				LastUpgradeCheck = 0610;
				ORGANIZATIONNAME = VIC;
				TargetAttributes = {
					CCFC2C711A2C7DE600DA9B82 = {
						CreatedOnToolsVersion = 6.1;
					};
					CCFC2C8A1A2C7DEA00DA9B82 = {
						CreatedOnToolsVersion = 6.1;
						TestTargetID = CCFC2C711A2C7DE600DA9B82;
					};
				};
			};
			buildConfigurationList = CCFC2C6D1A2C7DE500DA9B82 /* Build configuration list for PBXProject "Ya" */;
			compatibilityVersion = "Xcode 3.2";
			developmentRegion = English;
			hasScannedForEncodings = 0;
			knownRegions = (
				en,
				Base,
			);
			mainGroup = CCFC2C691A2C7DE400DA9B82;
			productRefGroup = CCFC2C731A2C7DE700DA9B82 /* Products */;
			projectDirPath = "";
			projectRoot = "";
			targets = (
				CCFC2C711A2C7DE600DA9B82 /* Ya */,
				CCFC2C8A1A2C7DEA00DA9B82 /* YaTests */,
			);
		};
/* End PBXProject section */

/* Begin PBXResourcesBuildPhase section */
		CCFC2C701A2C7DE600DA9B82 /* Resources */ = {
			isa = PBXResourcesBuildPhase;
			buildActionMask = 2147483647;
			files = (
				CCFC2C811A2C7DE800DA9B82 /* Main.storyboard in Resources */,
				CCFC2C861A2C7DE900DA9B82 /* LaunchScreen.xib in Resources */,
				CCFC2C831A2C7DE900DA9B82 /* Images.xcassets in Resources */,
			);
			runOnlyForDeploymentPostprocessing = 0;
		};
		CCFC2C891A2C7DEA00DA9B82 /* Resources */ = {
			isa = PBXResourcesBuildPhase;
			buildActionMask = 2147483647;
			files = (
			);
			runOnlyForDeploymentPostprocessing = 0;
		};
/* End PBXResourcesBuildPhase section */

/* Begin PBXSourcesBuildPhase section */
		CCFC2C6E1A2C7DE600DA9B82 /* Sources */ = {
			isa = PBXSourcesBuildPhase;
			buildActionMask = 2147483647;
			files = (
				CCFC2C7E1A2C7DE800DA9B82 /* ViewController.m in Sources */,
				CCFC2C7B1A2C7DE800DA9B82 /* AppDelegate.m in Sources */,
				CCFC2C781A2C7DE800DA9B82 /* main.m in Sources */,
			);
			runOnlyForDeploymentPostprocessing = 0;
		};
		CCFC2C871A2C7DEA00DA9B82 /* Sources */ = {
			isa = PBXSourcesBuildPhase;
			buildActionMask = 2147483647;
			files = (
				CCFC2C921A2C7DEA00DA9B82 /* YaTests.m in Sources */,
			);
			runOnlyForDeploymentPostprocessing = 0;
		};
/* End PBXSourcesBuildPhase section */

/* Begin PBXTargetDependency section */
		CCFC2C8D1A2C7DEA00DA9B82 /* PBXTargetDependency */ = {
			isa = PBXTargetDependency;
			target = CCFC2C711A2C7DE600DA9B82 /* Ya */;
			targetProxy = CCFC2C8C1A2C7DEA00DA9B82 /* PBXContainerItemProxy */;
		};
/* End PBXTargetDependency section */

/* Begin PBXVariantGroup section */
		CCFC2C7F1A2C7DE800DA9B82 /* Main.storyboard */ = {
			isa = PBXVariantGroup;
			children = (
				CCFC2C801A2C7DE800DA9B82 /* Base */,
			);
			name = Main.storyboard;
			sourceTree = "<group>";
		};
		CCFC2C841A2C7DE900DA9B82 /* LaunchScreen.xib */ = {
			isa = PBXVariantGroup;
			children = (
				CCFC2C851A2C7DE900DA9B82 /* Base */,
			);
			name = LaunchScreen.xib;
			sourceTree = "<group>";
		};
/* End PBXVariantGroup section */

/* Begin XCBuildConfiguration section */
		CCFC2C931A2C7DEA00DA9B82 /* Debug */ = {
			isa = XCBuildConfiguration;
			buildSettings = {
				ALWAYS_SEARCH_USER_PATHS = NO;
				CLANG_CXX_LANGUAGE_STANDARD = "gnu++0x";
				CLANG_CXX_LIBRARY = "libc++";
				CLANG_ENABLE_MODULES = YES;
				CLANG_ENABLE_OBJC_ARC = YES;
				CLANG_WARN_BOOL_CONVERSION = YES;
				CLANG_WARN_CONSTANT_CONVERSION = YES;
				CLANG_WARN_DIRECT_OBJC_ISA_USAGE = YES_ERROR;
				CLANG_WARN_EMPTY_BODY = YES;
				CLANG_WARN_ENUM_CONVERSION = YES;
				CLANG_WARN_INT_CONVERSION = YES;
				CLANG_WARN_OBJC_ROOT_CLASS = YES_ERROR;
				CLANG_WARN_UNREACHABLE_CODE = YES;
				CLANG_WARN__DUPLICATE_METHOD_MATCH = YES;
				"CODE_SIGN_IDENTITY[sdk=iphoneos*]" = "iPhone Developer";
				COPY_PHASE_STRIP = NO;
				ENABLE_STRICT_OBJC_MSGSEND = YES;
				GCC_C_LANGUAGE_STANDARD = gnu99;
				GCC_DYNAMIC_NO_PIC = NO;
				GCC_OPTIMIZATION_LEVEL = 0;
				GCC_PREPROCESSOR_DEFINITIONS = (
					"DEBUG=1",
					"$(inherited)",
				);
				GCC_SYMBOLS_PRIVATE_EXTERN = NO;
				GCC_WARN_64_TO_32_BIT_CONVERSION = YES;
				GCC_WARN_ABOUT_RETURN_TYPE = YES_ERROR;
				GCC_WARN_UNDECLARED_SELECTOR = YES;
				GCC_WARN_UNINITIALIZED_AUTOS = YES_AGGRESSIVE;
				GCC_WARN_UNUSED_FUNCTION = YES;
				GCC_WARN_UNUSED_VARIABLE = YES;
				IPHONEOS_DEPLOYMENT_TARGET = 8.1;
				MTL_ENABLE_DEBUG_INFO = YES;
				ONLY_ACTIVE_ARCH = YES;
				SDKROOT = iphoneos;
			};
			name = Debug;
		};
		CCFC2C941A2C7DEA00DA9B82 /* Release */ = {
			isa = XCBuildConfiguration;
			buildSettings = {
				ALWAYS_SEARCH_USER_PATHS = NO;
				CLANG_CXX_LANGUAGE_STANDARD = "gnu++0x";
				CLANG_CXX_LIBRARY = "libc++";
				CLANG_ENABLE_MODULES = YES;
				CLANG_ENABLE_OBJC_ARC = YES;
				CLANG_WARN_BOOL_CONVERSION = YES;
				CLANG_WARN_CONSTANT_CONVERSION = YES;
				CLANG_WARN_DIRECT_OBJC_ISA_USAGE = YES_ERROR;
				CLANG_WARN_EMPTY_BODY = YES;
				CLANG_WARN_ENUM_CONVERSION = YES;
				CLANG_WARN_INT_CONVERSION = YES;
				CLANG_WARN_OBJC_ROOT_CLASS = YES_ERROR;
				CLANG_WARN_UNREACHABLE_CODE = YES;
				CLANG_WARN__DUPLICATE_METHOD_MATCH = YES;
				"CODE_SIGN_IDENTITY[sdk=iphoneos*]" = "iPhone Developer";
				COPY_PHASE_STRIP = YES;
				ENABLE_NS_ASSERTIONS = NO;
				ENABLE_STRICT_OBJC_MSGSEND = YES;
				GCC_C_LANGUAGE_STANDARD = gnu99;
				GCC_WARN_64_TO_32_BIT_CONVERSION = YES;
				GCC_WARN_ABOUT_RETURN_TYPE = YES_ERROR;
				GCC_WARN_UNDECLARED_SELECTOR = YES;
				GCC_WARN_UNINITIALIZED_AUTOS = YES_AGGRESSIVE;
				GCC_WARN_UNUSED_FUNCTION = YES;
				GCC_WARN_UNUSED_VARIABLE = YES;
				IPHONEOS_DEPLOYMENT_TARGET = 8.1;
				MTL_ENABLE_DEBUG_INFO = NO;
				SDKROOT = iphoneos;
				VALIDATE_PRODUCT = YES;
			};
			name = Release;
		};
		CCFC2C961A2C7DEB00DA9B82 /* Debug */ = {
			isa = XCBuildConfiguration;
			buildSettings = {
				ASSETCATALOG_COMPILER_APPICON_NAME = AppIcon;
				INFOPLIST_FILE = Ya/Info.plist;
				LD_RUNPATH_SEARCH_PATHS = "$(inherited) @executable_path/Frameworks";
				PRODUCT_NAME = "$(TARGET_NAME)";
			};
			name = Debug;
		};
		CCFC2C971A2C7DEB00DA9B82 /* Release */ = {
			isa = XCBuildConfiguration;
			buildSettings = {
				ASSETCATALOG_COMPILER_APPICON_NAME = AppIcon;
				INFOPLIST_FILE = Ya/Info.plist;
				LD_RUNPATH_SEARCH_PATHS = "$(inherited) @executable_path/Frameworks";
				PRODUCT_NAME = "$(TARGET_NAME)";
			};
			name = Release;
		};
		CCFC2C991A2C7DEB00DA9B82 /* Debug */ = {
			isa = XCBuildConfiguration;
			buildSettings = {
				BUNDLE_LOADER = "$(TEST_HOST)";
				FRAMEWORK_SEARCH_PATHS = (
					"$(SDKROOT)/Developer/Library/Frameworks",
					"$(inherited)",
				);
				GCC_PREPROCESSOR_DEFINITIONS = (
					"DEBUG=1",
					"$(inherited)",
				);
				INFOPLIST_FILE = YaTests/Info.plist;
				LD_RUNPATH_SEARCH_PATHS = "$(inherited) @executable_path/Frameworks @loader_path/Frameworks";
				PRODUCT_NAME = "$(TARGET_NAME)";
				TEST_HOST = "$(BUILT_PRODUCTS_DIR)/Ya.app/Ya";
			};
			name = Debug;
		};
		CCFC2C9A1A2C7DEB00DA9B82 /* Release */ = {
			isa = XCBuildConfiguration;
			buildSettings = {
				BUNDLE_LOADER = "$(TEST_HOST)";
				FRAMEWORK_SEARCH_PATHS = (
					"$(SDKROOT)/Developer/Library/Frameworks",
					"$(inherited)",
				);
				INFOPLIST_FILE = YaTests/Info.plist;
				LD_RUNPATH_SEARCH_PATHS = "$(inherited) @executable_path/Frameworks @loader_path/Frameworks";
				PRODUCT_NAME = "$(TARGET_NAME)";
				TEST_HOST = "$(BUILT_PRODUCTS_DIR)/Ya.app/Ya";
			};
			name = Release;
		};
/* End XCBuildConfiguration section */

/* Begin XCConfigurationList section */
		CCFC2C6D1A2C7DE500DA9B82 /* Build configuration list for PBXProject "Ya" */ = {
			isa = XCConfigurationList;
			buildConfigurations = (
				CCFC2C931A2C7DEA00DA9B82 /* Debug */,
				CCFC2C941A2C7DEA00DA9B82 /* Release */,
			);
			defaultConfigurationIsVisible = 0;
			defaultConfigurationName = Release;
		};
		CCFC2C951A2C7DEB00DA9B82 /* Build configuration list for PBXNativeTarget "Ya" */ = {
			isa = XCConfigurationList;
			buildConfigurations = (
				CCFC2C961A2C7DEB00DA9B82 /* Debug */,
				CCFC2C971A2C7DEB00DA9B82 /* Release */,
			);
			defaultConfigurationIsVisible = 0;
		};
		CCFC2C981A2C7DEB00DA9B82 /* Build configuration list for PBXNativeTarget "YaTests" */ = {
			isa = XCConfigurationList;
			buildConfigurations = (
				CCFC2C991A2C7DEB00DA9B82 /* Debug */,
				CCFC2C9A1A2C7DEB00DA9B82 /* Release */,
			);
			defaultConfigurationIsVisible = 0;
		};
/* End XCConfigurationList section */
	};
	rootObject = CCFC2C6A1A2C7DE400DA9B82 /* Project object */;
}
